
Microsoft Visual Studio Solution File, Format Version 12.00
# Visual Studio Version 16
VisualStudioVersion = 16.0.31019.35
MinimumVisualStudioVersion = 10.0.40219.1
Project("{FAE04EC0-301F-11D3-BF4B-00C04F79EFBC}") = "G8E1", "G8E1\G8E1.csproj", "{302DE4FF-3289-4DFA-BC1C-02CDF6B29FF9}"
EndProject
Global
	GlobalSection(SolutionConfigurationPlatforms) = preSolution
		Debug|Any CPU = Debug|Any CPU
		Release|Any CPU = Release|Any CPU
	EndGlobalSection
	GlobalSection(ProjectConfigurationPlatforms) = postSolution
		{302DE4FF-3289-4DFA-BC1C-02CDF6B29FF9}.Debug|Any CPU.ActiveCfg = Debug|Any CPU
		{302DE4FF-3289-4DFA-BC1C-02CDF6B29FF9}.Debug|Any CPU.Build.0 = Debug|Any CPU
		{302DE4FF-3289-4DFA-BC1C-02CDF6B29FF9}.Release|Any CPU.ActiveCfg = Release|Any CPU
		{302DE4FF-3289-4DFA-BC1C-02CDF6B29FF9}.Release|Any CPU.Build.0 = Release|Any CPU
	EndGlobalSection
	GlobalSection(SolutionProperties) = preSolution
		HideSolutionNode = FALSE
	EndGlobalSection
	GlobalSection(ExtensibilityGlobals) = postSolution
		SolutionGuid = {EC5CB78B-AB11-4F8A-AB7C-473BCB6F74A6}
	EndGlobalSection
EndGlobal
